<?xml version="1.0" encoding="utf-8"?>
<Project ToolsVersion="4.0" xmlns="http://schemas.microsoft.com/developer/msbuild/2003">
  <ItemGroup>
    <Filter Include="Source Files">
      <UniqueIdentifier>{4FC737F1-C7A5-4376-A066-2A32D752A2FF}</UniqueIdentifier>
      <Extensions>cpp;c;cc;cxx;def;odl;idl;hpj;bat;asm;asmx</Extensions>
    </Filter>
    <Filter Include="Header Files">
      <UniqueIdentifier>{93995380-89BD-4b04-88EB-625FBE52EBFB}</UniqueIdentifier>
      <Extensions>h;hpp;hxx;hm;inl;inc;xsd</Extensions>
    </Filter>
    <Filter Include="Resource Files">
      <UniqueIdentifier>{67DA6AB6-F800-4c08-8B7A-83BB121AAD01}</UniqueIdentifier>
      <Extensions>rc;ico;cur;bmp;dlg;rc2;rct;bin;rgs;gif;jpg;jpeg;jpe;resx;tiff;tif;png;wav;mfcribbon-ms</Extensions>
    </Filter>
  </ItemGroup>
  <ItemGroup>
    <None Include="ReadMe.txt" />
    <None Include="res\RVary_CS307_Prog3.rc2">
      <Filter>Resource Files</Filter>
    </None>
    <None Include="res\RVary_CS307_Prog3.ico">
      <Filter>Resource Files</Filter>
    </None>
  </ItemGroup>
  <ItemGroup>
    <ClInclude Include="RVary_CS307_Prog3.h">
      <Filter>Header Files</Filter>
    </ClInclude>
    <ClInclude Include="RVary_CS307_Prog3Dlg.h">
      <Filter>Header Files</Filter>
    </ClInclude>
    <ClInclude Include="stdafx.h">
      <Filter>Header Files</Filter>
    </ClInclude>
    <ClInclude Include="targetver.h">
      <Filter>Header Files</Filter>
    </ClInclude>
    <ClInclude Include="Resource.h">
      <Filter>Header Files</Filter>
    </ClInclude>
    <ClInclude Include="Aircraft.h">
      <Filter>Header Files</Filter>
    </ClInclude>
    <ClInclude Include="AircraftFactory.h">
      <Filter>Header Files</Filter>
    </ClInclude>
    <ClInclude Include="AircraftTypes.h">
      <Filter>Header Files</Filter>
    </ClInclude>
    <ClInclude Include="BusinessJet.h">
      <Filter>Header Files</Filter>
    </ClInclude>
    <ClInclude Include="BusinessJetFactory.h">
      <Filter>Header Files</Filter>
    </ClInclude>
    <ClInclude Include="City.h">
      <Filter>Header Files</Filter>
    </ClInclude>
    <ClInclude Include="CityDataParser.h">
      <Filter>Header Files</Filter>
    </ClInclude>
    <ClInclude Include="CityMap.h">
      <Filter>Header Files</Filter>
    </ClInclude>
    <ClInclude Include="Flight.h">
      <Filter>Header Files</Filter>
    </ClInclude>
    <ClInclude Include="FlightDataParser.h">
      <Filter>Header Files</Filter>
    </ClInclude>
    <ClInclude Include="PassengerJet.h">
      <Filter>Header Files</Filter>
    </ClInclude>
    <ClInclude Include="PassengerJetFactory.h">
      <Filter>Header Files</Filter>
    </ClInclude>
    <ClInclude Include="Simulation.h">
      <Filter>Header Files</Filter>
    </ClInclude>
    <ClInclude Include="SingleEnginePlane.h">
      <Filter>Header Files</Filter>
    </ClInclude>
    <ClInclude Include="SingleEnginePlaneFactory.h">
      <Filter>Header Files</Filter>
    </ClInclude>
  </ItemGroup>
  <ItemGroup>
    <ClCompile Include="RVary_CS307_Prog3.cpp">
      <Filter>Source Files</Filter>
    </ClCompile>
    <ClCompile Include="RVary_CS307_Prog3Dlg.cpp">
      <Filter>Source Files</Filter>
    </ClCompile>
    <ClCompile Include="stdafx.cpp">
      <Filter>Source Files</Filter>
    </ClCompile>
    <ClCompile Include="Aircraft.cpp">
      <Filter>Source Files</Filter>
    </ClCompile>
    <ClCompile Include="AircraftFactory.cpp">
      <Filter>Source Files</Filter>
    </ClCompile>
    <ClCompile Include="BusinessJet.cpp">
      <Filter>Source Files</Filter>
    </ClCompile>
    <ClCompile Include="BusinessJetFactory.cpp">
      <Filter>Source Files</Filter>
    </ClCompile>
    <ClCompile Include="City.cpp">
      <Filter>Source Files</Filter>
    </ClCompile>
    <ClCompile Include="CityDataParser.cpp">
      <Filter>Source Files</Filter>
    </ClCompile>
    <ClCompile Include="CityMap.cpp">
      <Filter>Source Files</Filter>
    </ClCompile>
    <ClCompile Include="Flight.cpp">
      <Filter>Source Files</Filter>
    </ClCompile>
    <ClCompile Include="FlightDataParser.cpp">
      <Filter>Source Files</Filter>
    </ClCompile>
    <ClCompile Include="PassengerJet.cpp">
      <Filter>Source Files</Filter>
    </ClCompile>
    <ClCompile Include="PassengerJetFactory.cpp">
      <Filter>Source Files</Filter>
    </ClCompile>
    <ClCompile Include="Simulation.cpp">
      <Filter>Source Files</Filter>
    </ClCompile>
    <ClCompile Include="SingleEnginePlane.cpp">
      <Filter>Source Files</Filter>
    </ClCompile>
    <ClCompile Include="SingleEnginePlaneFactory.cpp">
      <Filter>Source Files</Filter>
    </ClCompile>
  </ItemGroup>
  <ItemGroup>
    <ResourceCompile Include="RVary_CS307_Prog3.rc">
      <Filter>Resource Files</Filter>
    </ResourceCompile>
  </ItemGroup>
  <ItemGroup>
    <Image Include="P3-FlightMap.bmp">
      <Filter>Resource Files</Filter>
    </Image>
  </ItemGroup>
</Project>